// !$*UTF8*$!
{
	archiveVersion = 1;
	classes = {
	};
	objectVersion = 56;
	objects = {

/* Begin PBXBuildFile section */
		5E6AB3252C7605D00089CD14 /* HomeViewModel.swift in Sources */ = {isa = PBXBuildFile; fileRef = 5E6AB3242C7605D00089CD14 /* HomeViewModel.swift */; };
		5E6AB32A2C76067D0089CD14 /* LocationService.swift in Sources */ = {isa = PBXBuildFile; fileRef = 5E6AB3292C76067D0089CD14 /* LocationService.swift */; };
		5E6AB32E2C7646830089CD14 /* NetworkLayer.swift in Sources */ = {isa = PBXBuildFile; fileRef = 5E6AB32D2C7646830089CD14 /* NetworkLayer.swift */; };
		5E6AB3312C76491A0089CD14 /* WeatherResponse.swift in Sources */ = {isa = PBXBuildFile; fileRef = 5E6AB3302C76491A0089CD14 /* WeatherResponse.swift */; };
		5E6AB3342C764B3C0089CD14 /* NetworkLayerProtocol.swift in Sources */ = {isa = PBXBuildFile; fileRef = 5E6AB3332C764B3C0089CD14 /* NetworkLayerProtocol.swift */; };
		5E9C1C5E2C748F17001B6716 /* AppDelegate.swift in Sources */ = {isa = PBXBuildFile; fileRef = 5E9C1C5D2C748F17001B6716 /* AppDelegate.swift */; };
		5E9C1C602C748F17001B6716 /* SceneDelegate.swift in Sources */ = {isa = PBXBuildFile; fileRef = 5E9C1C5F2C748F17001B6716 /* SceneDelegate.swift */; };
		5E9C1C672C748F19001B6716 /* Assets.xcassets in Resources */ = {isa = PBXBuildFile; fileRef = 5E9C1C662C748F19001B6716 /* Assets.xcassets */; };
		5E9C1C6A2C748F19001B6716 /* Base in Resources */ = {isa = PBXBuildFile; fileRef = 5E9C1C692C748F19001B6716 /* Base */; };
		5E9C1C752C748F19001B6716 /* Weather_AppTests.swift in Sources */ = {isa = PBXBuildFile; fileRef = 5E9C1C742C748F19001B6716 /* Weather_AppTests.swift */; };
		5E9C1C7F2C748F1A001B6716 /* Weather_AppUITests.swift in Sources */ = {isa = PBXBuildFile; fileRef = 5E9C1C7E2C748F1A001B6716 /* Weather_AppUITests.swift */; };
		5E9C1C812C748F1A001B6716 /* Weather_AppUITestsLaunchTests.swift in Sources */ = {isa = PBXBuildFile; fileRef = 5E9C1C802C748F1A001B6716 /* Weather_AppUITestsLaunchTests.swift */; };
		5E9C1C942C7491DE001B6716 /* HomeViewController.swift in Sources */ = {isa = PBXBuildFile; fileRef = 5E9C1C922C7491DE001B6716 /* HomeViewController.swift */; };
		5E9C1C952C7491DE001B6716 /* HomeViewController.xib in Resources */ = {isa = PBXBuildFile; fileRef = 5E9C1C932C7491DE001B6716 /* HomeViewController.xib */; };
/* End PBXBuildFile section */

/* Begin PBXContainerItemProxy section */
		5E9C1C712C748F19001B6716 /* PBXContainerItemProxy */ = {
			isa = PBXContainerItemProxy;
			containerPortal = 5E9C1C522C748F17001B6716 /* Project object */;
			proxyType = 1;
			remoteGlobalIDString = 5E9C1C592C748F17001B6716;
			remoteInfo = "Weather-App";
		};
		5E9C1C7B2C748F1A001B6716 /* PBXContainerItemProxy */ = {
			isa = PBXContainerItemProxy;
			containerPortal = 5E9C1C522C748F17001B6716 /* Project object */;
			proxyType = 1;
			remoteGlobalIDString = 5E9C1C592C748F17001B6716;
			remoteInfo = "Weather-App";
		};
/* End PBXContainerItemProxy section */

/* Begin PBXFileReference section */
		5E6AB3242C7605D00089CD14 /* HomeViewModel.swift */ = {isa = PBXFileReference; lastKnownFileType = sourcecode.swift; path = HomeViewModel.swift; sourceTree = "<group>"; };
		5E6AB3292C76067D0089CD14 /* LocationService.swift */ = {isa = PBXFileReference; lastKnownFileType = sourcecode.swift; path = LocationService.swift; sourceTree = "<group>"; };
		5E6AB32D2C7646830089CD14 /* NetworkLayer.swift */ = {isa = PBXFileReference; lastKnownFileType = sourcecode.swift; path = NetworkLayer.swift; sourceTree = "<group>"; };
		5E6AB3302C76491A0089CD14 /* WeatherResponse.swift */ = {isa = PBXFileReference; lastKnownFileType = sourcecode.swift; path = WeatherResponse.swift; sourceTree = "<group>"; };
		5E6AB3332C764B3C0089CD14 /* NetworkLayerProtocol.swift */ = {isa = PBXFileReference; lastKnownFileType = sourcecode.swift; path = NetworkLayerProtocol.swift; sourceTree = "<group>"; };
		5E9C1C5A2C748F17001B6716 /* Weather-App.app */ = {isa = PBXFileReference; explicitFileType = wrapper.application; includeInIndex = 0; path = "Weather-App.app"; sourceTree = BUILT_PRODUCTS_DIR; };
		5E9C1C5D2C748F17001B6716 /* AppDelegate.swift */ = {isa = PBXFileReference; lastKnownFileType = sourcecode.swift; path = AppDelegate.swift; sourceTree = "<group>"; };
		5E9C1C5F2C748F17001B6716 /* SceneDelegate.swift */ = {isa = PBXFileReference; lastKnownFileType = sourcecode.swift; path = SceneDelegate.swift; sourceTree = "<group>"; };
		5E9C1C662C748F19001B6716 /* Assets.xcassets */ = {isa = PBXFileReference; lastKnownFileType = folder.assetcatalog; path = Assets.xcassets; sourceTree = "<group>"; };
		5E9C1C692C748F19001B6716 /* Base */ = {isa = PBXFileReference; lastKnownFileType = file.storyboard; name = Base; path = Base.lproj/LaunchScreen.storyboard; sourceTree = "<group>"; };
		5E9C1C6B2C748F19001B6716 /* Info.plist */ = {isa = PBXFileReference; lastKnownFileType = text.plist.xml; path = Info.plist; sourceTree = "<group>"; };
		5E9C1C702C748F19001B6716 /* Weather-AppTests.xctest */ = {isa = PBXFileReference; explicitFileType = wrapper.cfbundle; includeInIndex = 0; path = "Weather-AppTests.xctest"; sourceTree = BUILT_PRODUCTS_DIR; };
		5E9C1C742C748F19001B6716 /* Weather_AppTests.swift */ = {isa = PBXFileReference; lastKnownFileType = sourcecode.swift; path = Weather_AppTests.swift; sourceTree = "<group>"; };
		5E9C1C7A2C748F1A001B6716 /* Weather-AppUITests.xctest */ = {isa = PBXFileReference; explicitFileType = wrapper.cfbundle; includeInIndex = 0; path = "Weather-AppUITests.xctest"; sourceTree = BUILT_PRODUCTS_DIR; };
		5E9C1C7E2C748F1A001B6716 /* Weather_AppUITests.swift */ = {isa = PBXFileReference; lastKnownFileType = sourcecode.swift; path = Weather_AppUITests.swift; sourceTree = "<group>"; };
		5E9C1C802C748F1A001B6716 /* Weather_AppUITestsLaunchTests.swift */ = {isa = PBXFileReference; lastKnownFileType = sourcecode.swift; path = Weather_AppUITestsLaunchTests.swift; sourceTree = "<group>"; };
		5E9C1C922C7491DE001B6716 /* HomeViewController.swift */ = {isa = PBXFileReference; lastKnownFileType = sourcecode.swift; path = HomeViewController.swift; sourceTree = "<group>"; };
		5E9C1C932C7491DE001B6716 /* HomeViewController.xib */ = {isa = PBXFileReference; lastKnownFileType = file.xib; path = HomeViewController.xib; sourceTree = "<group>"; };
/* End PBXFileReference section */

/* Begin PBXFrameworksBuildPhase section */
		5E9C1C572C748F17001B6716 /* Frameworks */ = {
			isa = PBXFrameworksBuildPhase;
			buildActionMask = 2147483647;
			files = (
			);
			runOnlyForDeploymentPostprocessing = 0;
		};
		5E9C1C6D2C748F19001B6716 /* Frameworks */ = {
			isa = PBXFrameworksBuildPhase;
			buildActionMask = 2147483647;
			files = (
			);
			runOnlyForDeploymentPostprocessing = 0;
		};
		5E9C1C772C748F1A001B6716 /* Frameworks */ = {
			isa = PBXFrameworksBuildPhase;
			buildActionMask = 2147483647;
			files = (
			);
			runOnlyForDeploymentPostprocessing = 0;
		};
/* End PBXFrameworksBuildPhase section */

/* Begin PBXGroup section */
		5E6AB3262C7605D60089CD14 /* ViewModel */ = {
			isa = PBXGroup;
			children = (
				5E6AB3242C7605D00089CD14 /* HomeViewModel.swift */,
			);
			path = ViewModel;
			sourceTree = "<group>";
		};
		5E6AB3272C7606590089CD14 /* Utilities */ = {
			isa = PBXGroup;
			children = (
				5E6AB3322C76499A0089CD14 /* Constants */,
				5E6AB32B2C76069B0089CD14 /* NetworkManger */,
				5E6AB3282C7606630089CD14 /* LocationService */,
			);
			path = Utilities;
			sourceTree = "<group>";
		};
		5E6AB3282C7606630089CD14 /* LocationService */ = {
			isa = PBXGroup;
			children = (
				5E6AB3292C76067D0089CD14 /* LocationService.swift */,
			);
			path = LocationService;
			sourceTree = "<group>";
		};
		5E6AB32B2C76069B0089CD14 /* NetworkManger */ = {
			isa = PBXGroup;
			children = (
				5E6AB32D2C7646830089CD14 /* NetworkLayer.swift */,
				5E6AB3332C764B3C0089CD14 /* NetworkLayerProtocol.swift */,
			);
			path = NetworkManger;
			sourceTree = "<group>";
		};
		5E6AB32C2C7606FE0089CD14 /* Configs */ = {
			isa = PBXGroup;
			children = (
				5E9C1C5D2C748F17001B6716 /* AppDelegate.swift */,
				5E9C1C5F2C748F17001B6716 /* SceneDelegate.swift */,
			);
			path = Configs;
			sourceTree = "<group>";
		};
		5E6AB32F2C7648D90089CD14 /* Model */ = {
			isa = PBXGroup;
			children = (
				5E6AB3302C76491A0089CD14 /* WeatherResponse.swift */,
			);
			path = Model;
			sourceTree = "<group>";
		};
		5E6AB3322C76499A0089CD14 /* Constants */ = {
			isa = PBXGroup;
			children = (
			);
			path = Constants;
			sourceTree = "<group>";
		};
		5E9C1C512C748F17001B6716 = {
			isa = PBXGroup;
			children = (
				5E9C1C5C2C748F17001B6716 /* Weather-App */,
				5E9C1C732C748F19001B6716 /* Weather-AppTests */,
				5E9C1C7D2C748F1A001B6716 /* Weather-AppUITests */,
				5E9C1C5B2C748F17001B6716 /* Products */,
			);
			sourceTree = "<group>";
		};
		5E9C1C5B2C748F17001B6716 /* Products */ = {
			isa = PBXGroup;
			children = (
				5E9C1C5A2C748F17001B6716 /* Weather-App.app */,
				5E9C1C702C748F19001B6716 /* Weather-AppTests.xctest */,
				5E9C1C7A2C748F1A001B6716 /* Weather-AppUITests.xctest */,
			);
			name = Products;
			sourceTree = "<group>";
		};
		5E9C1C5C2C748F17001B6716 /* Weather-App */ = {
			isa = PBXGroup;
			children = (
				5E6AB32C2C7606FE0089CD14 /* Configs */,
				5E6AB3272C7606590089CD14 /* Utilities */,
				5E9C1C8D2C748F9C001B6716 /* Modules */,
				5E9C1C662C748F19001B6716 /* Assets.xcassets */,
				5E9C1C682C748F19001B6716 /* LaunchScreen.storyboard */,
				5E9C1C6B2C748F19001B6716 /* Info.plist */,
			);
			path = "Weather-App";
			sourceTree = "<group>";
		};
		5E9C1C732C748F19001B6716 /* Weather-AppTests */ = {
			isa = PBXGroup;
			children = (
				5E9C1C742C748F19001B6716 /* Weather_AppTests.swift */,
			);
			path = "Weather-AppTests";
			sourceTree = "<group>";
		};
		5E9C1C7D2C748F1A001B6716 /* Weather-AppUITests */ = {
			isa = PBXGroup;
			children = (
				5E9C1C7E2C748F1A001B6716 /* Weather_AppUITests.swift */,
				5E9C1C802C748F1A001B6716 /* Weather_AppUITestsLaunchTests.swift */,
			);
			path = "Weather-AppUITests";
			sourceTree = "<group>";
		};
		5E9C1C8D2C748F9C001B6716 /* Modules */ = {
			isa = PBXGroup;
			children = (
				5E9C1C8E2C74913E001B6716 /* Home */,
			);
			path = Modules;
			sourceTree = "<group>";
		};
		5E9C1C8E2C74913E001B6716 /* Home */ = {
			isa = PBXGroup;
			children = (
				5E6AB32F2C7648D90089CD14 /* Model */,
				5E9C1C902C749163001B6716 /* View */,
				5E6AB3262C7605D60089CD14 /* ViewModel */,
			);
			path = Home;
			sourceTree = "<group>";
		};
		5E9C1C902C749163001B6716 /* View */ = {
			isa = PBXGroup;
			children = (
				5E9C1C922C7491DE001B6716 /* HomeViewController.swift */,
				5E9C1C932C7491DE001B6716 /* HomeViewController.xib */,
			);
			path = View;
			sourceTree = "<group>";
		};
/* End PBXGroup section */

/* Begin PBXNativeTarget section */
		5E9C1C592C748F17001B6716 /* Weather-App */ = {
			isa = PBXNativeTarget;
			buildConfigurationList = 5E9C1C842C748F1A001B6716 /* Build configuration list for PBXNativeTarget "Weather-App" */;
			buildPhases = (
				5E9C1C562C748F17001B6716 /* Sources */,
				5E9C1C572C748F17001B6716 /* Frameworks */,
				5E9C1C582C748F17001B6716 /* Resources */,
			);
			buildRules = (
			);
			dependencies = (
			);
			name = "Weather-App";
			productName = "Weather-App";
			productReference = 5E9C1C5A2C748F17001B6716 /* Weather-App.app */;
			productType = "com.apple.product-type.application";
		};
		5E9C1C6F2C748F19001B6716 /* Weather-AppTests */ = {
			isa = PBXNativeTarget;
			buildConfigurationList = 5E9C1C872C748F1A001B6716 /* Build configuration list for PBXNativeTarget "Weather-AppTests" */;
			buildPhases = (
				5E9C1C6C2C748F19001B6716 /* Sources */,
				5E9C1C6D2C748F19001B6716 /* Frameworks */,
				5E9C1C6E2C748F19001B6716 /* Resources */,
			);
			buildRules = (
			);
			dependencies = (
				5E9C1C722C748F19001B6716 /* PBXTargetDependency */,
			);
			name = "Weather-AppTests";
			productName = "Weather-AppTests";
			productReference = 5E9C1C702C748F19001B6716 /* Weather-AppTests.xctest */;
			productType = "com.apple.product-type.bundle.unit-test";
		};
		5E9C1C792C748F1A001B6716 /* Weather-AppUITests */ = {
			isa = PBXNativeTarget;
			buildConfigurationList = 5E9C1C8A2C748F1A001B6716 /* Build configuration list for PBXNativeTarget "Weather-AppUITests" */;
			buildPhases = (
				5E9C1C762C748F1A001B6716 /* Sources */,
				5E9C1C772C748F1A001B6716 /* Frameworks */,
				5E9C1C782C748F1A001B6716 /* Resources */,
			);
			buildRules = (
			);
			dependencies = (
				5E9C1C7C2C748F1A001B6716 /* PBXTargetDependency */,
			);
			name = "Weather-AppUITests";
			productName = "Weather-AppUITests";
			productReference = 5E9C1C7A2C748F1A001B6716 /* Weather-AppUITests.xctest */;
			productType = "com.apple.product-type.bundle.ui-testing";
		};
/* End PBXNativeTarget section */

/* Begin PBXProject section */
		5E9C1C522C748F17001B6716 /* Project object */ = {
			isa = PBXProject;
			attributes = {
				BuildIndependentTargetsInParallel = 1;
				LastSwiftUpdateCheck = 1540;
				LastUpgradeCheck = 1540;
				TargetAttributes = {
					5E9C1C592C748F17001B6716 = {
						CreatedOnToolsVersion = 15.4;
					};
					5E9C1C6F2C748F19001B6716 = {
						CreatedOnToolsVersion = 15.4;
						TestTargetID = 5E9C1C592C748F17001B6716;
					};
					5E9C1C792C748F1A001B6716 = {
						CreatedOnToolsVersion = 15.4;
						TestTargetID = 5E9C1C592C748F17001B6716;
					};
				};
			};
			buildConfigurationList = 5E9C1C552C748F17001B6716 /* Build configuration list for PBXProject "Weather-App" */;
			compatibilityVersion = "Xcode 14.0";
			developmentRegion = en;
			hasScannedForEncodings = 0;
			knownRegions = (
				en,
				Base,
			);
			mainGroup = 5E9C1C512C748F17001B6716;
			productRefGroup = 5E9C1C5B2C748F17001B6716 /* Products */;
			projectDirPath = "";
			projectRoot = "";
			targets = (
				5E9C1C592C748F17001B6716 /* Weather-App */,
				5E9C1C6F2C748F19001B6716 /* Weather-AppTests */,
				5E9C1C792C748F1A001B6716 /* Weather-AppUITests */,
			);
		};
/* End PBXProject section */

/* Begin PBXResourcesBuildPhase section */
		5E9C1C582C748F17001B6716 /* Resources */ = {
			isa = PBXResourcesBuildPhase;
			buildActionMask = 2147483647;
			files = (
				5E9C1C672C748F19001B6716 /* Assets.xcassets in Resources */,
				5E9C1C6A2C748F19001B6716 /* Base in Resources */,
				5E9C1C952C7491DE001B6716 /* HomeViewController.xib in Resources */,
			);
			runOnlyForDeploymentPostprocessing = 0;
		};
		5E9C1C6E2C748F19001B6716 /* Resources */ = {
			isa = PBXResourcesBuildPhase;
			buildActionMask = 2147483647;
			files = (
			);
			runOnlyForDeploymentPostprocessing = 0;
		};
		5E9C1C782C748F1A001B6716 /* Resources */ = {
			isa = PBXResourcesBuildPhase;
			buildActionMask = 2147483647;
			files = (
			);
			runOnlyForDeploymentPostprocessing = 0;
		};
/* End PBXResourcesBuildPhase section */

/* Begin PBXSourcesBuildPhase section */
		5E9C1C562C748F17001B6716 /* Sources */ = {
			isa = PBXSourcesBuildPhase;
			buildActionMask = 2147483647;
			files = (
				5E6AB32E2C7646830089CD14 /* NetworkLayer.swift in Sources */,
				5E9C1C5E2C748F17001B6716 /* AppDelegate.swift in Sources */,
				5E9C1C602C748F17001B6716 /* SceneDelegate.swift in Sources */,
				5E6AB3312C76491A0089CD14 /* WeatherResponse.swift in Sources */,
				5E6AB32A2C76067D0089CD14 /* LocationService.swift in Sources */,
				5E6AB3252C7605D00089CD14 /* HomeViewModel.swift in Sources */,
				5E6AB3342C764B3C0089CD14 /* NetworkLayerProtocol.swift in Sources */,
				5E9C1C942C7491DE001B6716 /* HomeViewController.swift in Sources */,
			);
			runOnlyForDeploymentPostprocessing = 0;
		};
		5E9C1C6C2C748F19001B6716 /* Sources */ = {
			isa = PBXSourcesBuildPhase;
			buildActionMask = 2147483647;
			files = (
				5E9C1C752C748F19001B6716 /* Weather_AppTests.swift in Sources */,
			);
			runOnlyForDeploymentPostprocessing = 0;
		};
		5E9C1C762C748F1A001B6716 /* Sources */ = {
			isa = PBXSourcesBuildPhase;
			buildActionMask = 2147483647;
			files = (
				5E9C1C7F2C748F1A001B6716 /* Weather_AppUITests.swift in Sources */,
				5E9C1C812C748F1A001B6716 /* Weather_AppUITestsLaunchTests.swift in Sources */,
			);
			runOnlyForDeploymentPostprocessing = 0;
		};
/* End PBXSourcesBuildPhase section */

/* Begin PBXTargetDependency section */
		5E9C1C722C748F19001B6716 /* PBXTargetDependency */ = {
			isa = PBXTargetDependency;
			target = 5E9C1C592C748F17001B6716 /* Weather-App */;
			targetProxy = 5E9C1C712C748F19001B6716 /* PBXContainerItemProxy */;
		};
		5E9C1C7C2C748F1A001B6716 /* PBXTargetDependency */ = {
			isa = PBXTargetDependency;
			target = 5E9C1C592C748F17001B6716 /* Weather-App */;
			targetProxy = 5E9C1C7B2C748F1A001B6716 /* PBXContainerItemProxy */;
		};
/* End PBXTargetDependency section */

/* Begin PBXVariantGroup section */
		5E9C1C682C748F19001B6716 /* LaunchScreen.storyboard */ = {
			isa = PBXVariantGroup;
			children = (
				5E9C1C692C748F19001B6716 /* Base */,
			);
			name = LaunchScreen.storyboard;
			sourceTree = "<group>";
		};
/* End PBXVariantGroup section */

/* Begin XCBuildConfiguration section */
		5E9C1C822C748F1A001B6716 /* Debug */ = {
			isa = XCBuildConfiguration;
			buildSettings = {
				ALWAYS_SEARCH_USER_PATHS = NO;
				ASSETCATALOG_COMPILER_GENERATE_SWIFT_ASSET_SYMBOL_EXTENSIONS = YES;
				CLANG_ANALYZER_NONNULL = YES;
				CLANG_ANALYZER_NUMBER_OBJECT_CONVERSION = YES_AGGRESSIVE;
				CLANG_CXX_LANGUAGE_STANDARD = "gnu++20";
				CLANG_ENABLE_MODULES = YES;
				CLANG_ENABLE_OBJC_ARC = YES;
				CLANG_ENABLE_OBJC_WEAK = YES;
				CLANG_WARN_BLOCK_CAPTURE_AUTORELEASING = YES;
				CLANG_WARN_BOOL_CONVERSION = YES;
				CLANG_WARN_COMMA = YES;
				CLANG_WARN_CONSTANT_CONVERSION = YES;
				CLANG_WARN_DEPRECATED_OBJC_IMPLEMENTATIONS = YES;
				CLANG_WARN_DIRECT_OBJC_ISA_USAGE = YES_ERROR;
				CLANG_WARN_DOCUMENTATION_COMMENTS = YES;
				CLANG_WARN_EMPTY_BODY = YES;
				CLANG_WARN_ENUM_CONVERSION = YES;
				CLANG_WARN_INFINITE_RECURSION = YES;
				CLANG_WARN_INT_CONVERSION = YES;
				CLANG_WARN_NON_LITERAL_NULL_CONVERSION = YES;
				CLANG_WARN_OBJC_IMPLICIT_RETAIN_SELF = YES;
				CLANG_WARN_OBJC_LITERAL_CONVERSION = YES;
				CLANG_WARN_OBJC_ROOT_CLASS = YES_ERROR;
				CLANG_WARN_QUOTED_INCLUDE_IN_FRAMEWORK_HEADER = YES;
				CLANG_WARN_RANGE_LOOP_ANALYSIS = YES;
				CLANG_WARN_STRICT_PROTOTYPES = YES;
				CLANG_WARN_SUSPICIOUS_MOVE = YES;
				CLANG_WARN_UNGUARDED_AVAILABILITY = YES_AGGRESSIVE;
				CLANG_WARN_UNREACHABLE_CODE = YES;
				CLANG_WARN__DUPLICATE_METHOD_MATCH = YES;
				COPY_PHASE_STRIP = NO;
				DEBUG_INFORMATION_FORMAT = dwarf;
				ENABLE_STRICT_OBJC_MSGSEND = YES;
				ENABLE_TESTABILITY = YES;
				ENABLE_USER_SCRIPT_SANDBOXING = YES;
				GCC_C_LANGUAGE_STANDARD = gnu17;
				GCC_DYNAMIC_NO_PIC = NO;
				GCC_NO_COMMON_BLOCKS = YES;
				GCC_OPTIMIZATION_LEVEL = 0;
				GCC_PREPROCESSOR_DEFINITIONS = (
					"DEBUG=1",
					"$(inherited)",
				);
				GCC_WARN_64_TO_32_BIT_CONVERSION = YES;
				GCC_WARN_ABOUT_RETURN_TYPE = YES_ERROR;
				GCC_WARN_UNDECLARED_SELECTOR = YES;
				GCC_WARN_UNINITIALIZED_AUTOS = YES_AGGRESSIVE;
				GCC_WARN_UNUSED_FUNCTION = YES;
				GCC_WARN_UNUSED_VARIABLE = YES;
				IPHONEOS_DEPLOYMENT_TARGET = 17.5;
				LOCALIZATION_PREFERS_STRING_CATALOGS = YES;
				MTL_ENABLE_DEBUG_INFO = INCLUDE_SOURCE;
				MTL_FAST_MATH = YES;
				ONLY_ACTIVE_ARCH = YES;
				SDKROOT = iphoneos;
				SWIFT_ACTIVE_COMPILATION_CONDITIONS = "DEBUG $(inherited)";
				SWIFT_OPTIMIZATION_LEVEL = "-Onone";
			};
			name = Debug;
		};
		5E9C1C832C748F1A001B6716 /* Release */ = {
			isa = XCBuildConfiguration;
			buildSettings = {
				ALWAYS_SEARCH_USER_PATHS = NO;
				ASSETCATALOG_COMPILER_GENERATE_SWIFT_ASSET_SYMBOL_EXTENSIONS = YES;
				CLANG_ANALYZER_NONNULL = YES;
				CLANG_ANALYZER_NUMBER_OBJECT_CONVERSION = YES_AGGRESSIVE;
				CLANG_CXX_LANGUAGE_STANDARD = "gnu++20";
				CLANG_ENABLE_MODULES = YES;
				CLANG_ENABLE_OBJC_ARC = YES;
				CLANG_ENABLE_OBJC_WEAK = YES;
				CLANG_WARN_BLOCK_CAPTURE_AUTORELEASING = YES;
				CLANG_WARN_BOOL_CONVERSION = YES;
				CLANG_WARN_COMMA = YES;
				CLANG_WARN_CONSTANT_CONVERSION = YES;
				CLANG_WARN_DEPRECATED_OBJC_IMPLEMENTATIONS = YES;
				CLANG_WARN_DIRECT_OBJC_ISA_USAGE = YES_ERROR;
				CLANG_WARN_DOCUMENTATION_COMMENTS = YES;
				CLANG_WARN_EMPTY_BODY = YES;
				CLANG_WARN_ENUM_CONVERSION = YES;
				CLANG_WARN_INFINITE_RECURSION = YES;
				CLANG_WARN_INT_CONVERSION = YES;
				CLANG_WARN_NON_LITERAL_NULL_CONVERSION = YES;
				CLANG_WARN_OBJC_IMPLICIT_RETAIN_SELF = YES;
				CLANG_WARN_OBJC_LITERAL_CONVERSION = YES;
				CLANG_WARN_OBJC_ROOT_CLASS = YES_ERROR;
				CLANG_WARN_QUOTED_INCLUDE_IN_FRAMEWORK_HEADER = YES;
				CLANG_WARN_RANGE_LOOP_ANALYSIS = YES;
				CLANG_WARN_STRICT_PROTOTYPES = YES;
				CLANG_WARN_SUSPICIOUS_MOVE = YES;
				CLANG_WARN_UNGUARDED_AVAILABILITY = YES_AGGRESSIVE;
				CLANG_WARN_UNREACHABLE_CODE = YES;
				CLANG_WARN__DUPLICATE_METHOD_MATCH = YES;
				COPY_PHASE_STRIP = NO;
				DEBUG_INFORMATION_FORMAT = "dwarf-with-dsym";
				ENABLE_NS_ASSERTIONS = NO;
				ENABLE_STRICT_OBJC_MSGSEND = YES;
				ENABLE_USER_SCRIPT_SANDBOXING = YES;
				GCC_C_LANGUAGE_STANDARD = gnu17;
				GCC_NO_COMMON_BLOCKS = YES;
				GCC_WARN_64_TO_32_BIT_CONVERSION = YES;
				GCC_WARN_ABOUT_RETURN_TYPE = YES_ERROR;
				GCC_WARN_UNDECLARED_SELECTOR = YES;
				GCC_WARN_UNINITIALIZED_AUTOS = YES_AGGRESSIVE;
				GCC_WARN_UNUSED_FUNCTION = YES;
				GCC_WARN_UNUSED_VARIABLE = YES;
				IPHONEOS_DEPLOYMENT_TARGET = 17.5;
				LOCALIZATION_PREFERS_STRING_CATALOGS = YES;
				MTL_ENABLE_DEBUG_INFO = NO;
				MTL_FAST_MATH = YES;
				SDKROOT = iphoneos;
				SWIFT_COMPILATION_MODE = wholemodule;
				VALIDATE_PRODUCT = YES;
			};
			name = Release;
		};
		5E9C1C852C748F1A001B6716 /* Debug */ = {
			isa = XCBuildConfiguration;
			buildSettings = {
				ASSETCATALOG_COMPILER_APPICON_NAME = AppIcon;
				ASSETCATALOG_COMPILER_GLOBAL_ACCENT_COLOR_NAME = AccentColor;
				CODE_SIGN_STYLE = Automatic;
				CURRENT_PROJECT_VERSION = 1;
				DEVELOPMENT_TEAM = 6J838BNTZW;
				GENERATE_INFOPLIST_FILE = YES;
				INFOPLIST_FILE = "Weather-App/Info.plist";
				INFOPLIST_KEY_UIApplicationSupportsIndirectInputEvents = YES;
				INFOPLIST_KEY_UILaunchStoryboardName = LaunchScreen;
				INFOPLIST_KEY_UIMainStoryboardFile = "";
				INFOPLIST_KEY_UISupportedInterfaceOrientations_iPad = "UIInterfaceOrientationPortrait UIInterfaceOrientationPortraitUpsideDown UIInterfaceOrientationLandscapeLeft UIInterfaceOrientationLandscapeRight";
				INFOPLIST_KEY_UISupportedInterfaceOrientations_iPhone = "UIInterfaceOrientationPortrait UIInterfaceOrientationLandscapeLeft UIInterfaceOrientationLandscapeRight";
				IPHONEOS_DEPLOYMENT_TARGET = 14.0;
				LD_RUNPATH_SEARCH_PATHS = (
					"$(inherited)",
					"@executable_path/Frameworks",
				);
				MARKETING_VERSION = 1.0;
				PRODUCT_BUNDLE_IDENTIFIER = "ai.project.Weather-App";
				PRODUCT_NAME = "$(TARGET_NAME)";
				SWIFT_EMIT_LOC_STRINGS = YES;
				SWIFT_VERSION = 5.0;
				TARGETED_DEVICE_FAMILY = "1,2";
			};
			name = Debug;
		};
		5E9C1C862C748F1A001B6716 /* Release */ = {
			isa = XCBuildConfiguration;
			buildSettings = {
				ASSETCATALOG_COMPILER_APPICON_NAME = AppIcon;
				ASSETCATALOG_COMPILER_GLOBAL_ACCENT_COLOR_NAME = AccentColor;
				CODE_SIGN_STYLE = Automatic;
				CURRENT_PROJECT_VERSION = 1;
				DEVELOPMENT_TEAM = 6J838BNTZW;
				GENERATE_INFOPLIST_FILE = YES;
				INFOPLIST_FILE = "Weather-App/Info.plist";
				INFOPLIST_KEY_UIApplicationSupportsIndirectInputEvents = YES;
				INFOPLIST_KEY_UILaunchStoryboardName = LaunchScreen;
				INFOPLIST_KEY_UIMainStoryboardFile = "";
				INFOPLIST_KEY_UISupportedInterfaceOrientations_iPad = "UIInterfaceOrientationPortrait UIInterfaceOrientationPortraitUpsideDown UIInterfaceOrientationLandscapeLeft UIInterfaceOrientationLandscapeRight";
				INFOPLIST_KEY_UISupportedInterfaceOrientations_iPhone = "UIInterfaceOrientationPortrait UIInterfaceOrientationLandscapeLeft UIInterfaceOrientationLandscapeRight";
				IPHONEOS_DEPLOYMENT_TARGET = 14.0;
				LD_RUNPATH_SEARCH_PATHS = (
					"$(inherited)",
					"@executable_path/Frameworks",
				);
				MARKETING_VERSION = 1.0;
				PRODUCT_BUNDLE_IDENTIFIER = "ai.project.Weather-App";
				PRODUCT_NAME = "$(TARGET_NAME)";
				SWIFT_EMIT_LOC_STRINGS = YES;
				SWIFT_VERSION = 5.0;
				TARGETED_DEVICE_FAMILY = "1,2";
			};
			name = Release;
		};
		5E9C1C882C748F1A001B6716 /* Debug */ = {
			isa = XCBuildConfiguration;
			buildSettings = {
				ALWAYS_EMBED_SWIFT_STANDARD_LIBRARIES = YES;
				BUNDLE_LOADER = "$(TEST_HOST)";
				CODE_SIGN_STYLE = Automatic;
				CURRENT_PROJECT_VERSION = 1;
				DEVELOPMENT_TEAM = 6J838BNTZW;
				GENERATE_INFOPLIST_FILE = YES;
				IPHONEOS_DEPLOYMENT_TARGET = 17.5;
				MARKETING_VERSION = 1.0;
				PRODUCT_BUNDLE_IDENTIFIER = "ai.project.Weather-AppTests";
				PRODUCT_NAME = "$(TARGET_NAME)";
				SWIFT_EMIT_LOC_STRINGS = NO;
				SWIFT_VERSION = 5.0;
				TARGETED_DEVICE_FAMILY = "1,2";
				TEST_HOST = "$(BUILT_PRODUCTS_DIR)/Weather-App.app/$(BUNDLE_EXECUTABLE_FOLDER_PATH)/Weather-App";
			};
			name = Debug;
		};
		5E9C1C892C748F1A001B6716 /* Release */ = {
			isa = XCBuildConfiguration;
			buildSettings = {
				ALWAYS_EMBED_SWIFT_STANDARD_LIBRARIES = YES;
				BUNDLE_LOADER = "$(TEST_HOST)";
				CODE_SIGN_STYLE = Automatic;
				CURRENT_PROJECT_VERSION = 1;
				DEVELOPMENT_TEAM = 6J838BNTZW;
				GENERATE_INFOPLIST_FILE = YES;
				IPHONEOS_DEPLOYMENT_TARGET = 17.5;
				MARKETING_VERSION = 1.0;
				PRODUCT_BUNDLE_IDENTIFIER = "ai.project.Weather-AppTests";
				PRODUCT_NAME = "$(TARGET_NAME)";
				SWIFT_EMIT_LOC_STRINGS = NO;
				SWIFT_VERSION = 5.0;
				TARGETED_DEVICE_FAMILY = "1,2";
				TEST_HOST = "$(BUILT_PRODUCTS_DIR)/Weather-App.app/$(BUNDLE_EXECUTABLE_FOLDER_PATH)/Weather-App";
			};
			name = Release;
		};
		5E9C1C8B2C748F1A001B6716 /* Debug */ = {
			isa = XCBuildConfiguration;
			buildSettings = {
				ALWAYS_EMBED_SWIFT_STANDARD_LIBRARIES = YES;
				CODE_SIGN_STYLE = Automatic;
				CURRENT_PROJECT_VERSION = 1;
				DEVELOPMENT_TEAM = 6J838BNTZW;
				GENERATE_INFOPLIST_FILE = YES;
				MARKETING_VERSION = 1.0;
				PRODUCT_BUNDLE_IDENTIFIER = "ai.project.Weather-AppUITests";
				PRODUCT_NAME = "$(TARGET_NAME)";
				SWIFT_EMIT_LOC_STRINGS = NO;
				SWIFT_VERSION = 5.0;
				TARGETED_DEVICE_FAMILY = "1,2";
				TEST_TARGET_NAME = "Weather-App";
			};
			name = Debug;
		};
		5E9C1C8C2C748F1A001B6716 /* Release */ = {
			isa = XCBuildConfiguration;
			buildSettings = {
				ALWAYS_EMBED_SWIFT_STANDARD_LIBRARIES = YES;
				CODE_SIGN_STYLE = Automatic;
				CURRENT_PROJECT_VERSION = 1;
				DEVELOPMENT_TEAM = 6J838BNTZW;
				GENERATE_INFOPLIST_FILE = YES;
				MARKETING_VERSION = 1.0;
				PRODUCT_BUNDLE_IDENTIFIER = "ai.project.Weather-AppUITests";
				PRODUCT_NAME = "$(TARGET_NAME)";
				SWIFT_EMIT_LOC_STRINGS = NO;
				SWIFT_VERSION = 5.0;
				TARGETED_DEVICE_FAMILY = "1,2";
				TEST_TARGET_NAME = "Weather-App";
			};
			name = Release;
		};
/* End XCBuildConfiguration section */

/* Begin XCConfigurationList section */
		5E9C1C552C748F17001B6716 /* Build configuration list for PBXProject "Weather-App" */ = {
			isa = XCConfigurationList;
			buildConfigurations = (
				5E9C1C822C748F1A001B6716 /* Debug */,
				5E9C1C832C748F1A001B6716 /* Release */,
			);
			defaultConfigurationIsVisible = 0;
			defaultConfigurationName = Release;
		};
		5E9C1C842C748F1A001B6716 /* Build configuration list for PBXNativeTarget "Weather-App" */ = {
			isa = XCConfigurationList;
			buildConfigurations = (
				5E9C1C852C748F1A001B6716 /* Debug */,
				5E9C1C862C748F1A001B6716 /* Release */,
			);
			defaultConfigurationIsVisible = 0;
			defaultConfigurationName = Release;
		};
		5E9C1C872C748F1A001B6716 /* Build configuration list for PBXNativeTarget "Weather-AppTests" */ = {
			isa = XCConfigurationList;
			buildConfigurations = (
				5E9C1C882C748F1A001B6716 /* Debug */,
				5E9C1C892C748F1A001B6716 /* Release */,
			);
			defaultConfigurationIsVisible = 0;
			defaultConfigurationName = Release;
		};
		5E9C1C8A2C748F1A001B6716 /* Build configuration list for PBXNativeTarget "Weather-AppUITests" */ = {
			isa = XCConfigurationList;
			buildConfigurations = (
				5E9C1C8B2C748F1A001B6716 /* Debug */,
				5E9C1C8C2C748F1A001B6716 /* Release */,
			);
			defaultConfigurationIsVisible = 0;
			defaultConfigurationName = Release;
		};
/* End XCConfigurationList section */
	};
	rootObject = 5E9C1C522C748F17001B6716 /* Project object */;
}
